
Microsoft Visual Studio Solution File, Format Version 12.00
Project("{FAE04EC0-301F-11D3-BF4B-00C04F79EFBC}") = "Jellyfin.Plugins.Gotify", "Jellyfin.Plugins.Gotify\Jellyfin.Plugins.Gotify.csproj", "{7C34E08E-E6A0-471F-BA9E-CDFB3CE4F7B0}"
EndProject
Global
	GlobalSection(SolutionConfigurationPlatforms) = preSolution
		Debug|Any CPU = Debug|Any CPU
		Release|Any CPU = Release|Any CPU
	EndGlobalSection
	GlobalSection(ProjectConfigurationPlatforms) = postSolution
		{7C34E08E-E6A0-471F-BA9E-CDFB3CE4F7B0}.Debug|Any CPU.ActiveCfg = Debug|Any CPU
		{7C34E08E-E6A0-471F-BA9E-CDFB3CE4F7B0}.Debug|Any CPU.Build.0 = Debug|Any CPU
		{7C34E08E-E6A0-471F-BA9E-CDFB3CE4F7B0}.Release|Any CPU.ActiveCfg = Release|Any CPU
		{7C34E08E-E6A0-471F-BA9E-CDFB3CE4F7B0}.Release|Any CPU.Build.0 = Release|Any CPU
	EndGlobalSection
EndGlobal
